{
  "version": 4,
  "terraform_version": "0.12.16",
  "serial": 32,
  "lineage": "f13f0d65-0ef4-d119-c2f7-fa9c9a5fe6e5",
  "outputs": {},
  "resources": [
    {
      "mode": "managed",
      "type": "azurerm_network_interface",
      "name": "nic-backend",
      "provider": "provider.azurerm",
      "instances": [
        {
          "schema_version": 0,
          "attributes": {
            "applied_dns_servers": [],
            "dns_servers": [],
            "enable_accelerated_networking": false,
            "enable_ip_forwarding": false,
            "id": "/subscriptions/960388b4-f28f-430d-91ee-388bc5cfe221/resourceGroups/TDP/providers/Microsoft.Network/networkInterfaces/backend-nic",
            "internal_dns_name_label": "",
            "internal_fqdn": "",
            "ip_configuration": [
              {
                "application_gateway_backend_address_pools_ids": [],
                "application_security_group_ids": [],
                "load_balancer_backend_address_pools_ids": [],
                "load_balancer_inbound_nat_rules_ids": [],
                "name": "backendIpConfig",
                "primary": true,
                "private_ip_address": "",
                "private_ip_address_allocation": "dynamic",
                "private_ip_address_version": "IPv4",
                "public_ip_address_id": "",
                "subnet_id": "/subscriptions/960388b4-f28f-430d-91ee-388bc5cfe221/resourceGroups/TDP/providers/Microsoft.Network/virtualNetworks/shop-network/subnets/backend"
              }
            ],
            "location": "uksouth",
            "mac_address": "00-0D-3A-7F-1F-56",
            "name": "backend-nic",
            "network_security_group_id": "/subscriptions/960388b4-f28f-430d-91ee-388bc5cfe221/resourceGroups/TDP/providers/Microsoft.Network/networkSecurityGroups/backend-nsg",
            "private_ip_address": "10.0.3.4",
            "private_ip_addresses": [
              "10.0.3.4"
            ],
            "resource_group_name": "TDP",
            "tags": {},
            "virtual_machine_id": "/subscriptions/960388b4-f28f-430d-91ee-388bc5cfe221/resourceGroups/TDP/providers/Microsoft.Compute/virtualMachines/backend-vm"
          },
          "dependencies": [
            "azurerm_network_security_group.nsg-backend",
            "azurerm_resource_group.TDP-res-group",
            "azurerm_subnet.subnet-backend",
            "azurerm_virtual_network.shop-network"
          ]
        }
      ]
    },
    {
      "mode": "managed",
      "type": "azurerm_network_interface",
      "name": "nic-frontend",
      "provider": "provider.azurerm",
      "instances": [
        {
          "schema_version": 0,
          "attributes": {
            "applied_dns_servers": [],
            "dns_servers": [],
            "enable_accelerated_networking": false,
            "enable_ip_forwarding": false,
            "id": "/subscriptions/960388b4-f28f-430d-91ee-388bc5cfe221/resourceGroups/TDP/providers/Microsoft.Network/networkInterfaces/frontend-nic",
            "internal_dns_name_label": "",
            "internal_fqdn": "",
            "ip_configuration": [
              {
                "application_gateway_backend_address_pools_ids": [],
                "application_security_group_ids": [],
                "load_balancer_backend_address_pools_ids": [],
                "load_balancer_inbound_nat_rules_ids": [],
                "name": "frontendIpConfig",
                "primary": true,
                "private_ip_address": "",
                "private_ip_address_allocation": "dynamic",
                "private_ip_address_version": "IPv4",
                "public_ip_address_id": "/subscriptions/960388b4-f28f-430d-91ee-388bc5cfe221/resourceGroups/TDP/providers/Microsoft.Network/publicIPAddresses/frontend-pip",
                "subnet_id": "/subscriptions/960388b4-f28f-430d-91ee-388bc5cfe221/resourceGroups/TDP/providers/Microsoft.Network/virtualNetworks/shop-network/subnets/frontend"
              }
            ],
            "location": "uksouth",
            "mac_address": "00-0D-3A-7F-3F-8B",
            "name": "frontend-nic",
            "network_security_group_id": "/subscriptions/960388b4-f28f-430d-91ee-388bc5cfe221/resourceGroups/TDP/providers/Microsoft.Network/networkSecurityGroups/frontend-nsg",
            "private_ip_address": "10.0.2.4",
            "private_ip_addresses": [
              "10.0.2.4"
            ],
            "resource_group_name": "TDP",
            "tags": {},
            "virtual_machine_id": "/subscriptions/960388b4-f28f-430d-91ee-388bc5cfe221/resourceGroups/TDP/providers/Microsoft.Compute/virtualMachines/frontend-vm"
          },
          "dependencies": [
            "azurerm_network_security_group.nsg-frontend",
            "azurerm_public_ip.publicIP-frontend",
            "azurerm_resource_group.TDP-res-group",
            "azurerm_subnet.subnet-frontend",
            "azurerm_virtual_network.shop-network"
          ]
        }
      ]
    },
    {
      "mode": "managed",
      "type": "azurerm_network_interface",
      "name": "nic-managment",
      "provider": "provider.azurerm",
      "instances": [
        {
          "schema_version": 0,
          "attributes": {
            "applied_dns_servers": [],
            "dns_servers": [],
            "enable_accelerated_networking": false,
            "enable_ip_forwarding": false,
            "id": "/subscriptions/960388b4-f28f-430d-91ee-388bc5cfe221/resourceGroups/TDP/providers/Microsoft.Network/networkInterfaces/managment-nic",
            "internal_dns_name_label": "",
            "internal_fqdn": "",
            "ip_configuration": [
              {
                "application_gateway_backend_address_pools_ids": [],
                "application_security_group_ids": [],
                "load_balancer_backend_address_pools_ids": [],
                "load_balancer_inbound_nat_rules_ids": [],
                "name": "managmentIpConfig",
                "primary": true,
                "private_ip_address": "",
                "private_ip_address_allocation": "dynamic",
                "private_ip_address_version": "IPv4",
                "public_ip_address_id": "/subscriptions/960388b4-f28f-430d-91ee-388bc5cfe221/resourceGroups/TDP/providers/Microsoft.Network/publicIPAddresses/managment-pip",
                "subnet_id": "/subscriptions/960388b4-f28f-430d-91ee-388bc5cfe221/resourceGroups/TDP/providers/Microsoft.Network/virtualNetworks/shop-network/subnets/managment"
              }
            ],
            "location": "uksouth",
            "mac_address": "00-0D-3A-7F-19-21",
            "name": "managment-nic",
            "network_security_group_id": "/subscriptions/960388b4-f28f-430d-91ee-388bc5cfe221/resourceGroups/TDP/providers/Microsoft.Network/networkSecurityGroups/managment-nsg",
            "private_ip_address": "10.0.4.4",
            "private_ip_addresses": [
              "10.0.4.4"
            ],
            "resource_group_name": "TDP",
            "tags": {},
            "virtual_machine_id": "/subscriptions/960388b4-f28f-430d-91ee-388bc5cfe221/resourceGroups/TDP/providers/Microsoft.Compute/virtualMachines/managment-vm"
          },
          "dependencies": [
            "azurerm_network_security_group.nsg-managment",
            "azurerm_public_ip.publicIP-managment",
            "azurerm_resource_group.TDP-res-group",
            "azurerm_subnet.subnet-managment",
            "azurerm_virtual_network.shop-network"
          ]
        }
      ]
    },
    {
      "mode": "managed",
      "type": "azurerm_network_security_group",
      "name": "nsg-backend",
      "provider": "provider.azurerm",
      "instances": [
        {
          "schema_version": 0,
          "attributes": {
            "id": "/subscriptions/960388b4-f28f-430d-91ee-388bc5cfe221/resourceGroups/TDP/providers/Microsoft.Network/networkSecurityGroups/backend-nsg",
            "location": "uksouth",
            "name": "backend-nsg",
            "resource_group_name": "TDP",
            "security_rule": [
              {
                "access": "Allow",
                "description": "",
                "destination_address_prefix": "*",
                "destination_address_prefixes": [],
                "destination_application_security_group_ids": [],
                "destination_port_range": "*",
                "destination_port_ranges": [],
                "direction": "Inbound",
                "name": "HTTP-from-frontnet",
                "priority": 1002,
                "protocol": "Tcp",
                "source_address_prefix": "10.0.2.0/24",
                "source_address_prefixes": [],
                "source_application_security_group_ids": [],
                "source_port_range": "*",
                "source_port_ranges": []
              },
              {
                "access": "Allow",
                "description": "",
                "destination_address_prefix": "*",
                "destination_address_prefixes": [],
                "destination_application_security_group_ids": [],
                "destination_port_range": "22",
                "destination_port_ranges": [],
                "direction": "Inbound",
                "name": "SSH-from-managment",
                "priority": 1001,
                "protocol": "Tcp",
                "source_address_prefix": "10.0.4.0/24",
                "source_address_prefixes": [],
                "source_application_security_group_ids": [],
                "source_port_range": "*",
                "source_port_ranges": []
              }
            ],
            "tags": {}
          },
          "dependencies": [
            "azurerm_resource_group.TDP-res-group"
          ]
        }
      ]
    },
    {
      "mode": "managed",
      "type": "azurerm_network_security_group",
      "name": "nsg-frontend",
      "provider": "provider.azurerm",
      "instances": [
        {
          "schema_version": 0,
          "attributes": {
            "id": "/subscriptions/960388b4-f28f-430d-91ee-388bc5cfe221/resourceGroups/TDP/providers/Microsoft.Network/networkSecurityGroups/frontend-nsg",
            "location": "uksouth",
            "name": "frontend-nsg",
            "resource_group_name": "TDP",
            "security_rule": [
              {
                "access": "Allow",
                "description": "",
                "destination_address_prefix": "*",
                "destination_address_prefixes": [],
                "destination_application_security_group_ids": [],
                "destination_port_range": "22",
                "destination_port_ranges": [],
                "direction": "Inbound",
                "name": "SSH",
                "priority": 1001,
                "protocol": "Tcp",
                "source_address_prefix": "*",
                "source_address_prefixes": [],
                "source_application_security_group_ids": [],
                "source_port_range": "*",
                "source_port_ranges": []
              },
              {
                "access": "Allow",
                "description": "",
                "destination_address_prefix": "*",
                "destination_address_prefixes": [],
                "destination_application_security_group_ids": [],
                "destination_port_range": "443",
                "destination_port_ranges": [],
                "direction": "Inbound",
                "name": "HTTPS",
                "priority": 1003,
                "protocol": "Tcp",
                "source_address_prefix": "*",
                "source_address_prefixes": [],
                "source_application_security_group_ids": [],
                "source_port_range": "*",
                "source_port_ranges": []
              },
              {
                "access": "Allow",
                "description": "",
                "destination_address_prefix": "*",
                "destination_address_prefixes": [],
                "destination_application_security_group_ids": [],
                "destination_port_range": "80",
                "destination_port_ranges": [],
                "direction": "Inbound",
                "name": "HTTP",
                "priority": 1002,
                "protocol": "Tcp",
                "source_address_prefix": "*",
                "source_address_prefixes": [],
                "source_application_security_group_ids": [],
                "source_port_range": "*",
                "source_port_ranges": []
              }
            ],
            "tags": {}
          },
          "dependencies": [
            "azurerm_resource_group.TDP-res-group"
          ]
        }
      ]
    },
    {
      "mode": "managed",
      "type": "azurerm_network_security_group",
      "name": "nsg-managment",
      "provider": "provider.azurerm",
      "instances": [
        {
          "schema_version": 0,
          "attributes": {
            "id": "/subscriptions/960388b4-f28f-430d-91ee-388bc5cfe221/resourceGroups/TDP/providers/Microsoft.Network/networkSecurityGroups/managment-nsg",
            "location": "uksouth",
            "name": "managment-nsg",
            "resource_group_name": "TDP",
            "security_rule": [
              {
                "access": "Allow",
                "description": "",
                "destination_address_prefix": "*",
                "destination_address_prefixes": [],
                "destination_application_security_group_ids": [],
                "destination_port_range": "22",
                "destination_port_ranges": [],
                "direction": "Inbound",
                "name": "SSH",
                "priority": 1001,
                "protocol": "Tcp",
                "source_address_prefix": "*",
                "source_address_prefixes": [],
                "source_application_security_group_ids": [],
                "source_port_range": "*",
                "source_port_ranges": []
              }
            ],
            "tags": {}
          },
          "dependencies": [
            "azurerm_resource_group.TDP-res-group"
          ]
        }
      ]
    },
    {
      "mode": "managed",
      "type": "azurerm_public_ip",
      "name": "publicIP-frontend",
      "provider": "provider.azurerm",
      "instances": [
        {
          "schema_version": 0,
          "attributes": {
            "allocation_method": "Dynamic",
            "domain_name_label": "frontend-261119120951",
            "fqdn": "frontend-261119120951.uksouth.cloudapp.azure.com",
            "id": "/subscriptions/960388b4-f28f-430d-91ee-388bc5cfe221/resourceGroups/TDP/providers/Microsoft.Network/publicIPAddresses/frontend-pip",
            "idle_timeout_in_minutes": 4,
            "ip_address": "51.132.23.0",
            "ip_version": "IPv4",
            "location": "uksouth",
            "name": "frontend-pip",
            "public_ip_address_allocation": "Dynamic",
            "public_ip_prefix_id": null,
            "resource_group_name": "TDP",
            "reverse_fqdn": "",
            "sku": "Basic",
            "tags": {},
            "zones": []
          },
          "private": "bnVsbA==",
          "dependencies": [
            "azurerm_resource_group.TDP-res-group"
          ]
        }
      ]
    },
    {
      "mode": "managed",
      "type": "azurerm_public_ip",
      "name": "publicIP-managment",
      "provider": "provider.azurerm",
      "instances": [
        {
          "schema_version": 0,
          "attributes": {
            "allocation_method": "Dynamic",
            "domain_name_label": "managment-261119120951",
            "fqdn": "managment-261119120951.uksouth.cloudapp.azure.com",
            "id": "/subscriptions/960388b4-f28f-430d-91ee-388bc5cfe221/resourceGroups/TDP/providers/Microsoft.Network/publicIPAddresses/managment-pip",
            "idle_timeout_in_minutes": 4,
            "ip_address": "51.11.36.30",
            "ip_version": "IPv4",
            "location": "uksouth",
            "name": "managment-pip",
            "public_ip_address_allocation": "Dynamic",
            "public_ip_prefix_id": null,
            "resource_group_name": "TDP",
            "reverse_fqdn": "",
            "sku": "Basic",
            "tags": {},
            "zones": []
          },
          "private": "bnVsbA==",
          "dependencies": [
            "azurerm_resource_group.TDP-res-group"
          ]
        }
      ]
    },
    {
      "mode": "managed",
      "type": "azurerm_resource_group",
      "name": "TDP-res-group",
      "provider": "provider.azurerm",
      "instances": [
        {
          "schema_version": 0,
          "attributes": {
            "id": "/subscriptions/960388b4-f28f-430d-91ee-388bc5cfe221/resourceGroups/TDP",
            "location": "uksouth",
            "name": "TDP",
            "tags": {}
          }
        }
      ]
    },
    {
      "mode": "managed",
      "type": "azurerm_subnet",
      "name": "subnet-backend",
      "provider": "provider.azurerm",
      "instances": [
        {
          "schema_version": 0,
          "attributes": {
            "address_prefix": "10.0.3.0/24",
            "delegation": [],
            "id": "/subscriptions/960388b4-f28f-430d-91ee-388bc5cfe221/resourceGroups/TDP/providers/Microsoft.Network/virtualNetworks/shop-network/subnets/backend",
            "ip_configurations": [
              "/subscriptions/960388b4-f28f-430d-91ee-388bc5cfe221/resourceGroups/TDP/providers/Microsoft.Network/networkInterfaces/backend-nic/ipConfigurations/backendIpConfig"
            ],
            "name": "backend",
            "network_security_group_id": "",
            "resource_group_name": "TDP",
            "route_table_id": "",
            "service_endpoints": [],
            "virtual_network_name": "shop-network"
          },
          "dependencies": [
            "azurerm_resource_group.TDP-res-group",
            "azurerm_virtual_network.shop-network"
          ]
        }
      ]
    },
    {
      "mode": "managed",
      "type": "azurerm_subnet",
      "name": "subnet-frontend",
      "provider": "provider.azurerm",
      "instances": [
        {
          "schema_version": 0,
          "attributes": {
            "address_prefix": "10.0.2.0/24",
            "delegation": [],
            "id": "/subscriptions/960388b4-f28f-430d-91ee-388bc5cfe221/resourceGroups/TDP/providers/Microsoft.Network/virtualNetworks/shop-network/subnets/frontend",
            "ip_configurations": [
              "/subscriptions/960388b4-f28f-430d-91ee-388bc5cfe221/resourceGroups/TDP/providers/Microsoft.Network/networkInterfaces/frontend-nic/ipConfigurations/frontendIpConfig"
            ],
            "name": "frontend",
            "network_security_group_id": "",
            "resource_group_name": "TDP",
            "route_table_id": "",
            "service_endpoints": [],
            "virtual_network_name": "shop-network"
          },
          "dependencies": [
            "azurerm_resource_group.TDP-res-group",
            "azurerm_virtual_network.shop-network"
          ]
        }
      ]
    },
    {
      "mode": "managed",
      "type": "azurerm_subnet",
      "name": "subnet-managment",
      "provider": "provider.azurerm",
      "instances": [
        {
          "schema_version": 0,
          "attributes": {
            "address_prefix": "10.0.4.0/24",
            "delegation": [],
            "id": "/subscriptions/960388b4-f28f-430d-91ee-388bc5cfe221/resourceGroups/TDP/providers/Microsoft.Network/virtualNetworks/shop-network/subnets/managment",
            "ip_configurations": [
              "/subscriptions/960388b4-f28f-430d-91ee-388bc5cfe221/resourceGroups/TDP/providers/Microsoft.Network/networkInterfaces/managment-nic/ipConfigurations/managmentIpConfig"
            ],
            "name": "managment",
            "network_security_group_id": "",
            "resource_group_name": "TDP",
            "route_table_id": "",
            "service_endpoints": [],
            "virtual_network_name": "shop-network"
          },
          "dependencies": [
            "azurerm_resource_group.TDP-res-group",
            "azurerm_virtual_network.shop-network"
          ]
        }
      ]
    },
    {
      "mode": "managed",
      "type": "azurerm_virtual_machine",
      "name": "backend-vm",
      "provider": "provider.azurerm",
      "instances": [
        {
          "schema_version": 0,
          "attributes": {
            "availability_set_id": null,
            "boot_diagnostics": [],
            "delete_data_disks_on_termination": false,
            "delete_os_disk_on_termination": false,
            "id": "/subscriptions/960388b4-f28f-430d-91ee-388bc5cfe221/resourceGroups/TDP/providers/Microsoft.Compute/virtualMachines/backend-vm",
            "identity": [],
            "license_type": null,
            "location": "uksouth",
            "name": "backend-vm",
            "network_interface_ids": [
              "/subscriptions/960388b4-f28f-430d-91ee-388bc5cfe221/resourceGroups/TDP/providers/Microsoft.Network/networkInterfaces/backend-nic"
            ],
            "os_profile": [
              {
                "admin_password": "",
                "admin_username": "sebflower",
                "computer_name": "backend-vm",
                "custom_data": ""
              }
            ],
            "os_profile_linux_config": [
              {
                "disable_password_authentication": true,
                "ssh_keys": [
                  {
                    "key_data": "ssh-rsa AAAAB3NzaC1yc2EAAAADAQABAAACAQDrXdqBlJwvaZRYIP9LGIN4jvR6Am8u3BSik328bTUMBtrH3hGM8eIrUXALUf3Wq1jUdgQTlNxWhZ8FFsNMn/Nm+qWcbobIVu5dtLXnalOuKEVCqys1/ekCRRT8MEKcdE4JL4ZvwQXzWO6Cn7etsKv07o3apzzvSMK0iP12jhEq5/tSBSUPwkouOoLkqXoXUR04liqhQE9kyUujqG63KQQ9WV5Ztge3Ipoi+jJQQiSfONX0a6IPwV572Ry3xqEchskiIy9olbDDZxHTjQh/OpsrfgUu7K9flVMvPOxc2GAuQrV1Bdu8HuhyZeHcHaQDqGL6VGEupOSukKHlingSY5Kqh9w+lRllgk+fr3QjP/6d78ufhVRYh0dBsWB47pvdvqGRlq8xOpiK9eb9NyJ7GL6RLOxq7unBKlFxG8eW5XFIN+hA1bnxJDPpsGQtxBrg/AfJ44U4sP+aHwr4FDehzRipoDvr6Zd3FUp46SWYCJJM5905DekhMJPHf/yH4jHZyvhupPZ2wGAt3N6+3Rgwi2ZXmU/yaRuYu8dI8Zzl+Coy69+taBfsh9cPjfb7IElS1rkdZBQxPv45z0JpA8t9lb7aZIycuINLn82YemBNW+WkFikqJdwSZhCgp0G+gAYIsPhyCNJUbtCJ7v8+phW7sTZtR1tnzdH3L1N9zL7ZggwOow== sebs2112@gmail.com\n",
                    "path": "/home/sebflower/.ssh/authorized_keys"
                  }
                ]
              }
            ],
            "os_profile_secrets": [],
            "os_profile_windows_config": [],
            "plan": [],
            "primary_network_interface_id": null,
            "resource_group_name": "TDP",
            "storage_data_disk": [],
            "storage_image_reference": [
              {
                "id": "",
                "offer": "Debian",
                "publisher": "credativ",
                "sku": "9",
                "version": "latest"
              }
            ],
            "storage_os_disk": [
              {
                "caching": "ReadWrite",
                "create_option": "FromImage",
                "disk_size_gb": 30,
                "image_uri": "",
                "managed_disk_id": "/subscriptions/960388b4-f28f-430d-91ee-388bc5cfe221/resourceGroups/TDP/providers/Microsoft.Compute/disks/backend-vm",
                "managed_disk_type": "Standard_LRS",
                "name": "backend-vm",
                "os_type": "Linux",
                "vhd_uri": "",
                "write_accelerator_enabled": false
              }
            ],
            "tags": {},
            "vm_size": "Standard_DS1_v2",
            "zones": []
          },
          "dependencies": [
            "azurerm_network_interface.nic-backend",
            "azurerm_resource_group.TDP-res-group"
          ]
        }
      ]
    },
    {
      "mode": "managed",
      "type": "azurerm_virtual_machine",
      "name": "frontend-vm",
      "provider": "provider.azurerm",
      "instances": [
        {
          "schema_version": 0,
          "attributes": {
            "availability_set_id": null,
            "boot_diagnostics": [],
            "delete_data_disks_on_termination": false,
            "delete_os_disk_on_termination": false,
            "id": "/subscriptions/960388b4-f28f-430d-91ee-388bc5cfe221/resourceGroups/TDP/providers/Microsoft.Compute/virtualMachines/frontend-vm",
            "identity": [],
            "license_type": null,
            "location": "uksouth",
            "name": "frontend-vm",
            "network_interface_ids": [
              "/subscriptions/960388b4-f28f-430d-91ee-388bc5cfe221/resourceGroups/TDP/providers/Microsoft.Network/networkInterfaces/frontend-nic"
            ],
            "os_profile": [
              {
                "admin_password": "",
                "admin_username": "sebflower",
                "computer_name": "frontend-vm",
                "custom_data": ""
              }
            ],
            "os_profile_linux_config": [
              {
                "disable_password_authentication": true,
                "ssh_keys": [
                  {
                    "key_data": "ssh-rsa AAAAB3NzaC1yc2EAAAADAQABAAACAQDrXdqBlJwvaZRYIP9LGIN4jvR6Am8u3BSik328bTUMBtrH3hGM8eIrUXALUf3Wq1jUdgQTlNxWhZ8FFsNMn/Nm+qWcbobIVu5dtLXnalOuKEVCqys1/ekCRRT8MEKcdE4JL4ZvwQXzWO6Cn7etsKv07o3apzzvSMK0iP12jhEq5/tSBSUPwkouOoLkqXoXUR04liqhQE9kyUujqG63KQQ9WV5Ztge3Ipoi+jJQQiSfONX0a6IPwV572Ry3xqEchskiIy9olbDDZxHTjQh/OpsrfgUu7K9flVMvPOxc2GAuQrV1Bdu8HuhyZeHcHaQDqGL6VGEupOSukKHlingSY5Kqh9w+lRllgk+fr3QjP/6d78ufhVRYh0dBsWB47pvdvqGRlq8xOpiK9eb9NyJ7GL6RLOxq7unBKlFxG8eW5XFIN+hA1bnxJDPpsGQtxBrg/AfJ44U4sP+aHwr4FDehzRipoDvr6Zd3FUp46SWYCJJM5905DekhMJPHf/yH4jHZyvhupPZ2wGAt3N6+3Rgwi2ZXmU/yaRuYu8dI8Zzl+Coy69+taBfsh9cPjfb7IElS1rkdZBQxPv45z0JpA8t9lb7aZIycuINLn82YemBNW+WkFikqJdwSZhCgp0G+gAYIsPhyCNJUbtCJ7v8+phW7sTZtR1tnzdH3L1N9zL7ZggwOow== sebs2112@gmail.com\n",
                    "path": "/home/sebflower/.ssh/authorized_keys"
                  }
                ]
              }
            ],
            "os_profile_secrets": [],
            "os_profile_windows_config": [],
            "plan": [],
            "primary_network_interface_id": null,
            "resource_group_name": "TDP",
            "storage_data_disk": [],
            "storage_image_reference": [
              {
                "id": "",
                "offer": "Debian",
                "publisher": "credativ",
                "sku": "9",
                "version": "latest"
              }
            ],
            "storage_os_disk": [
              {
                "caching": "ReadWrite",
                "create_option": "FromImage",
                "disk_size_gb": 30,
                "image_uri": "",
                "managed_disk_id": "/subscriptions/960388b4-f28f-430d-91ee-388bc5cfe221/resourceGroups/TDP/providers/Microsoft.Compute/disks/frontend-vm",
                "managed_disk_type": "Standard_LRS",
                "name": "frontend-vm",
                "os_type": "Linux",
                "vhd_uri": "",
                "write_accelerator_enabled": false
              }
            ],
            "tags": {},
            "vm_size": "Standard_DS1_v2",
            "zones": []
          },
          "dependencies": [
            "azurerm_network_interface.nic-frontend",
            "azurerm_resource_group.TDP-res-group"
          ]
        }
      ]
    },
    {
      "mode": "managed",
      "type": "azurerm_virtual_machine",
      "name": "managment-vm",
      "provider": "provider.azurerm",
      "instances": [
        {
          "schema_version": 0,
          "attributes": {
            "availability_set_id": null,
            "boot_diagnostics": [],
            "delete_data_disks_on_termination": false,
            "delete_os_disk_on_termination": false,
            "id": "/subscriptions/960388b4-f28f-430d-91ee-388bc5cfe221/resourceGroups/TDP/providers/Microsoft.Compute/virtualMachines/managment-vm",
            "identity": [],
            "license_type": null,
            "location": "uksouth",
            "name": "managment-vm",
            "network_interface_ids": [
              "/subscriptions/960388b4-f28f-430d-91ee-388bc5cfe221/resourceGroups/TDP/providers/Microsoft.Network/networkInterfaces/managment-nic"
            ],
            "os_profile": [
              {
                "admin_password": "",
                "admin_username": "sebflower",
                "computer_name": "managment-vm",
                "custom_data": ""
              }
            ],
            "os_profile_linux_config": [
              {
                "disable_password_authentication": true,
                "ssh_keys": [
                  {
                    "key_data": "ssh-rsa AAAAB3NzaC1yc2EAAAADAQABAAACAQDrXdqBlJwvaZRYIP9LGIN4jvR6Am8u3BSik328bTUMBtrH3hGM8eIrUXALUf3Wq1jUdgQTlNxWhZ8FFsNMn/Nm+qWcbobIVu5dtLXnalOuKEVCqys1/ekCRRT8MEKcdE4JL4ZvwQXzWO6Cn7etsKv07o3apzzvSMK0iP12jhEq5/tSBSUPwkouOoLkqXoXUR04liqhQE9kyUujqG63KQQ9WV5Ztge3Ipoi+jJQQiSfONX0a6IPwV572Ry3xqEchskiIy9olbDDZxHTjQh/OpsrfgUu7K9flVMvPOxc2GAuQrV1Bdu8HuhyZeHcHaQDqGL6VGEupOSukKHlingSY5Kqh9w+lRllgk+fr3QjP/6d78ufhVRYh0dBsWB47pvdvqGRlq8xOpiK9eb9NyJ7GL6RLOxq7unBKlFxG8eW5XFIN+hA1bnxJDPpsGQtxBrg/AfJ44U4sP+aHwr4FDehzRipoDvr6Zd3FUp46SWYCJJM5905DekhMJPHf/yH4jHZyvhupPZ2wGAt3N6+3Rgwi2ZXmU/yaRuYu8dI8Zzl+Coy69+taBfsh9cPjfb7IElS1rkdZBQxPv45z0JpA8t9lb7aZIycuINLn82YemBNW+WkFikqJdwSZhCgp0G+gAYIsPhyCNJUbtCJ7v8+phW7sTZtR1tnzdH3L1N9zL7ZggwOow== sebs2112@gmail.com\n",
                    "path": "/home/sebflower/.ssh/authorized_keys"
                  }
                ]
              }
            ],
            "os_profile_secrets": [],
            "os_profile_windows_config": [],
            "plan": [],
            "primary_network_interface_id": null,
            "resource_group_name": "TDP",
            "storage_data_disk": [],
            "storage_image_reference": [
              {
                "id": "",
                "offer": "Debian",
                "publisher": "credativ",
                "sku": "9",
                "version": "latest"
              }
            ],
            "storage_os_disk": [
              {
                "caching": "ReadWrite",
                "create_option": "FromImage",
                "disk_size_gb": 30,
                "image_uri": "",
                "managed_disk_id": "/subscriptions/960388b4-f28f-430d-91ee-388bc5cfe221/resourceGroups/TDP/providers/Microsoft.Compute/disks/managment-vm",
                "managed_disk_type": "Standard_LRS",
                "name": "managment-vm",
                "os_type": "Linux",
                "vhd_uri": "",
                "write_accelerator_enabled": false
              }
            ],
            "tags": {},
            "vm_size": "Standard_DS1_v2",
            "zones": []
          },
          "dependencies": [
            "azurerm_network_interface.nic-managment",
            "azurerm_resource_group.TDP-res-group"
          ]
        }
      ]
    },
    {
      "mode": "managed",
      "type": "azurerm_virtual_network",
      "name": "shop-network",
      "provider": "provider.azurerm",
      "instances": [
        {
          "schema_version": 0,
          "attributes": {
            "address_space": [
              "10.0.0.0/16"
            ],
            "ddos_protection_plan": [],
            "dns_servers": [],
            "id": "/subscriptions/960388b4-f28f-430d-91ee-388bc5cfe221/resourceGroups/TDP/providers/Microsoft.Network/virtualNetworks/shop-network",
            "location": "uksouth",
            "name": "shop-network",
            "resource_group_name": "TDP",
            "subnet": [
              {
                "address_prefix": "10.0.2.0/24",
                "id": "/subscriptions/960388b4-f28f-430d-91ee-388bc5cfe221/resourceGroups/TDP/providers/Microsoft.Network/virtualNetworks/shop-network/subnets/frontend",
                "name": "frontend",
                "security_group": ""
              },
              {
                "address_prefix": "10.0.3.0/24",
                "id": "/subscriptions/960388b4-f28f-430d-91ee-388bc5cfe221/resourceGroups/TDP/providers/Microsoft.Network/virtualNetworks/shop-network/subnets/backend",
                "name": "backend",
                "security_group": ""
              },
              {
                "address_prefix": "10.0.4.0/24",
                "id": "/subscriptions/960388b4-f28f-430d-91ee-388bc5cfe221/resourceGroups/TDP/providers/Microsoft.Network/virtualNetworks/shop-network/subnets/managment",
                "name": "managment",
                "security_group": ""
              }
            ],
            "tags": {}
          },
          "dependencies": [
            "azurerm_resource_group.TDP-res-group"
          ]
        }
      ]
    }
  ]
}
